
Microsoft Visual Studio Solution File, Format Version 12.00
Project("{FAE04EC0-301F-11D3-BF4B-00C04F79EFBC}") = "Tutorial1", "Tutorial1\Tutorial1.csproj", "{32BFB8ED-0ECF-4628-B406-10BF0632DEE9}"
EndProject
Project("{FAE04EC0-301F-11D3-BF4B-00C04F79EFBC}") = "Common", "Common\Common.csproj", "{88D8C90F-5BCD-4096-B1F6-CA717FDCE9D5}"
EndProject
Project("{FAE04EC0-301F-11D3-BF4B-00C04F79EFBC}") = "Tutorial2", "tutorial2\Tutorial2.csproj", "{8CDB2CEC-A1C0-4C16-BE1C-13D7BC53A357}"
EndProject
Project("{FAE04EC0-301F-11D3-BF4B-00C04F79EFBC}") = "Tutorial3", "Tutorial3\Tutorial3.csproj", "{B0C6E14E-3EF7-4E5E-B97E-4BE6585F10AE}"
EndProject
Project("{FAE04EC0-301F-11D3-BF4B-00C04F79EFBC}") = "Tutorial4", "tutorial4\Tutorial4.csproj", "{170FF7FB-AD3D-4113-B457-9990B075D9B1}"
EndProject
Project("{FAE04EC0-301F-11D3-BF4B-00C04F79EFBC}") = "Tutorial5", "Tutorial5\Tutorial5.csproj", "{9D49B5BB-36FF-455E-9329-AC134176B5A3}"
EndProject
Project("{FAE04EC0-301F-11D3-BF4B-00C04F79EFBC}") = "Tutorial6", "Tutorial6\Tutorial6.csproj", "{153CE087-7806-4011-A1FE-62FE414CE513}"
EndProject
Project("{FAE04EC0-301F-11D3-BF4B-00C04F79EFBC}") = "Tutorial7", "Tutorial7\Tutorial7.csproj", "{E9CD3BDD-39EB-4704-9D98-BD4029E156A9}"
EndProject
Project("{FAE04EC0-301F-11D3-BF4B-00C04F79EFBC}") = "Tutorial8", "Tutorial8\Tutorial8.csproj", "{D8FA7DFF-792B-4278-8029-2354808ABEED}"
EndProject
Project("{FAE04EC0-301F-11D3-BF4B-00C04F79EFBC}") = "Tutorial9", "Tutorial9\Tutorial9.csproj", "{C9EFC8F6-815D-4F5B-B471-D07B6ED0CE0C}"
EndProject
Project("{FAE04EC0-301F-11D3-BF4B-00C04F79EFBC}") = "Tutorial10", "Tutorial10\Tutorial10.csproj", "{DD3C059C-D81C-458C-AC09-B6D6CF9A39C9}"
EndProject
Project("{FAE04EC0-301F-11D3-BF4B-00C04F79EFBC}") = "Tutorial11", "Tutorial11\Tutorial11.csproj", "{EC1D1D53-C492-4817-9248-551CBA57DBA5}"
EndProject
Project("{FAE04EC0-301F-11D3-BF4B-00C04F79EFBC}") = "Tutorial12", "Tutorial12\Tutorial12.csproj", "{A9AC765B-1344-4022-BA39-F5B78010B9EE}"
EndProject
Global
	GlobalSection(SolutionConfigurationPlatforms) = preSolution
		Debug|Any CPU = Debug|Any CPU
		Release|Any CPU = Release|Any CPU
	EndGlobalSection
	GlobalSection(ProjectConfigurationPlatforms) = postSolution
		{32BFB8ED-0ECF-4628-B406-10BF0632DEE9}.Debug|Any CPU.ActiveCfg = Debug|Any CPU
		{32BFB8ED-0ECF-4628-B406-10BF0632DEE9}.Debug|Any CPU.Build.0 = Debug|Any CPU
		{32BFB8ED-0ECF-4628-B406-10BF0632DEE9}.Release|Any CPU.ActiveCfg = Release|Any CPU
		{32BFB8ED-0ECF-4628-B406-10BF0632DEE9}.Release|Any CPU.Build.0 = Release|Any CPU
		{88D8C90F-5BCD-4096-B1F6-CA717FDCE9D5}.Debug|Any CPU.ActiveCfg = Debug|Any CPU
		{88D8C90F-5BCD-4096-B1F6-CA717FDCE9D5}.Debug|Any CPU.Build.0 = Debug|Any CPU
		{88D8C90F-5BCD-4096-B1F6-CA717FDCE9D5}.Release|Any CPU.ActiveCfg = Release|Any CPU
		{88D8C90F-5BCD-4096-B1F6-CA717FDCE9D5}.Release|Any CPU.Build.0 = Release|Any CPU
		{8CDB2CEC-A1C0-4C16-BE1C-13D7BC53A357}.Debug|Any CPU.ActiveCfg = Debug|Any CPU
		{8CDB2CEC-A1C0-4C16-BE1C-13D7BC53A357}.Debug|Any CPU.Build.0 = Debug|Any CPU
		{8CDB2CEC-A1C0-4C16-BE1C-13D7BC53A357}.Release|Any CPU.ActiveCfg = Release|Any CPU
		{8CDB2CEC-A1C0-4C16-BE1C-13D7BC53A357}.Release|Any CPU.Build.0 = Release|Any CPU
		{B0C6E14E-3EF7-4E5E-B97E-4BE6585F10AE}.Debug|Any CPU.ActiveCfg = Debug|Any CPU
		{B0C6E14E-3EF7-4E5E-B97E-4BE6585F10AE}.Debug|Any CPU.Build.0 = Debug|Any CPU
		{B0C6E14E-3EF7-4E5E-B97E-4BE6585F10AE}.Release|Any CPU.ActiveCfg = Release|Any CPU
		{B0C6E14E-3EF7-4E5E-B97E-4BE6585F10AE}.Release|Any CPU.Build.0 = Release|Any CPU
		{170FF7FB-AD3D-4113-B457-9990B075D9B1}.Debug|Any CPU.ActiveCfg = Debug|Any CPU
		{170FF7FB-AD3D-4113-B457-9990B075D9B1}.Debug|Any CPU.Build.0 = Debug|Any CPU
		{170FF7FB-AD3D-4113-B457-9990B075D9B1}.Release|Any CPU.ActiveCfg = Release|Any CPU
		{170FF7FB-AD3D-4113-B457-9990B075D9B1}.Release|Any CPU.Build.0 = Release|Any CPU
		{9D49B5BB-36FF-455E-9329-AC134176B5A3}.Debug|Any CPU.ActiveCfg = Debug|Any CPU
		{9D49B5BB-36FF-455E-9329-AC134176B5A3}.Debug|Any CPU.Build.0 = Debug|Any CPU
		{9D49B5BB-36FF-455E-9329-AC134176B5A3}.Release|Any CPU.ActiveCfg = Release|Any CPU
		{9D49B5BB-36FF-455E-9329-AC134176B5A3}.Release|Any CPU.Build.0 = Release|Any CPU
		{153CE087-7806-4011-A1FE-62FE414CE513}.Debug|Any CPU.ActiveCfg = Debug|Any CPU
		{153CE087-7806-4011-A1FE-62FE414CE513}.Debug|Any CPU.Build.0 = Debug|Any CPU
		{153CE087-7806-4011-A1FE-62FE414CE513}.Release|Any CPU.ActiveCfg = Release|Any CPU
		{153CE087-7806-4011-A1FE-62FE414CE513}.Release|Any CPU.Build.0 = Release|Any CPU
		{E9CD3BDD-39EB-4704-9D98-BD4029E156A9}.Debug|Any CPU.ActiveCfg = Debug|Any CPU
		{E9CD3BDD-39EB-4704-9D98-BD4029E156A9}.Debug|Any CPU.Build.0 = Debug|Any CPU
		{E9CD3BDD-39EB-4704-9D98-BD4029E156A9}.Release|Any CPU.ActiveCfg = Release|Any CPU
		{E9CD3BDD-39EB-4704-9D98-BD4029E156A9}.Release|Any CPU.Build.0 = Release|Any CPU
		{D8FA7DFF-792B-4278-8029-2354808ABEED}.Debug|Any CPU.ActiveCfg = Debug|Any CPU
		{D8FA7DFF-792B-4278-8029-2354808ABEED}.Debug|Any CPU.Build.0 = Debug|Any CPU
		{D8FA7DFF-792B-4278-8029-2354808ABEED}.Release|Any CPU.ActiveCfg = Release|Any CPU
		{D8FA7DFF-792B-4278-8029-2354808ABEED}.Release|Any CPU.Build.0 = Release|Any CPU
		{C9EFC8F6-815D-4F5B-B471-D07B6ED0CE0C}.Debug|Any CPU.ActiveCfg = Debug|Any CPU
		{C9EFC8F6-815D-4F5B-B471-D07B6ED0CE0C}.Debug|Any CPU.Build.0 = Debug|Any CPU
		{C9EFC8F6-815D-4F5B-B471-D07B6ED0CE0C}.Release|Any CPU.ActiveCfg = Release|Any CPU
		{C9EFC8F6-815D-4F5B-B471-D07B6ED0CE0C}.Release|Any CPU.Build.0 = Release|Any CPU
		{DD3C059C-D81C-458C-AC09-B6D6CF9A39C9}.Debug|Any CPU.ActiveCfg = Debug|Any CPU
		{DD3C059C-D81C-458C-AC09-B6D6CF9A39C9}.Debug|Any CPU.Build.0 = Debug|Any CPU
		{DD3C059C-D81C-458C-AC09-B6D6CF9A39C9}.Release|Any CPU.ActiveCfg = Release|Any CPU
		{DD3C059C-D81C-458C-AC09-B6D6CF9A39C9}.Release|Any CPU.Build.0 = Release|Any CPU
		{EC1D1D53-C492-4817-9248-551CBA57DBA5}.Debug|Any CPU.ActiveCfg = Debug|Any CPU
		{EC1D1D53-C492-4817-9248-551CBA57DBA5}.Debug|Any CPU.Build.0 = Debug|Any CPU
		{EC1D1D53-C492-4817-9248-551CBA57DBA5}.Release|Any CPU.ActiveCfg = Release|Any CPU
		{EC1D1D53-C492-4817-9248-551CBA57DBA5}.Release|Any CPU.Build.0 = Release|Any CPU
		{A9AC765B-1344-4022-BA39-F5B78010B9EE}.Debug|Any CPU.ActiveCfg = Debug|Any CPU
		{A9AC765B-1344-4022-BA39-F5B78010B9EE}.Debug|Any CPU.Build.0 = Debug|Any CPU
		{A9AC765B-1344-4022-BA39-F5B78010B9EE}.Release|Any CPU.ActiveCfg = Release|Any CPU
		{A9AC765B-1344-4022-BA39-F5B78010B9EE}.Release|Any CPU.Build.0 = Release|Any CPU
	EndGlobalSection
EndGlobal
