
Microsoft Visual Studio Solution File, Format Version 12.00
Project("{FAE04EC0-301F-11D3-BF4B-00C04F79EFBC}") = "Tutorial1", "Tutorial1\Tutorial1.csproj", "{32BFB8ED-0ECF-4628-B406-10BF0632DEE9}"
EndProject
Project("{FAE04EC0-301F-11D3-BF4B-00C04F79EFBC}") = "Common", "Common\Common.csproj", "{88D8C90F-5BCD-4096-B1F6-CA717FDCE9D5}"
EndProject
Project("{FAE04EC0-301F-11D3-BF4B-00C04F79EFBC}") = "Tutorial2", "tutorial2\Tutorial2.csproj", "{8CDB2CEC-A1C0-4C16-BE1C-13D7BC53A357}"
EndProject
Project("{FAE04EC0-301F-11D3-BF4B-00C04F79EFBC}") = "Tutorial3", "Tutorial3\Tutorial3.csproj", "{B0C6E14E-3EF7-4E5E-B97E-4BE6585F10AE}"
EndProject
Project("{FAE04EC0-301F-11D3-BF4B-00C04F79EFBC}") = "Tutorial4", "tutorial4\Tutorial4.csproj", "{170FF7FB-AD3D-4113-B457-9990B075D9B1}"
EndProject
Project("{FAE04EC0-301F-11D3-BF4B-00C04F79EFBC}") = "Tutorial5", "Tutorial5\Tutorial5.csproj", "{9D49B5BB-36FF-455E-9329-AC134176B5A3}"
EndProject
Global
	GlobalSection(SolutionConfigurationPlatforms) = preSolution
		Debug|Any CPU = Debug|Any CPU
		Release|Any CPU = Release|Any CPU
	EndGlobalSection
	GlobalSection(ProjectConfigurationPlatforms) = postSolution
		{32BFB8ED-0ECF-4628-B406-10BF0632DEE9}.Debug|Any CPU.ActiveCfg = Debug|Any CPU
		{32BFB8ED-0ECF-4628-B406-10BF0632DEE9}.Debug|Any CPU.Build.0 = Debug|Any CPU
		{32BFB8ED-0ECF-4628-B406-10BF0632DEE9}.Release|Any CPU.ActiveCfg = Release|Any CPU
		{32BFB8ED-0ECF-4628-B406-10BF0632DEE9}.Release|Any CPU.Build.0 = Release|Any CPU
		{88D8C90F-5BCD-4096-B1F6-CA717FDCE9D5}.Debug|Any CPU.ActiveCfg = Debug|Any CPU
		{88D8C90F-5BCD-4096-B1F6-CA717FDCE9D5}.Debug|Any CPU.Build.0 = Debug|Any CPU
		{88D8C90F-5BCD-4096-B1F6-CA717FDCE9D5}.Release|Any CPU.ActiveCfg = Release|Any CPU
		{88D8C90F-5BCD-4096-B1F6-CA717FDCE9D5}.Release|Any CPU.Build.0 = Release|Any CPU
		{8CDB2CEC-A1C0-4C16-BE1C-13D7BC53A357}.Debug|Any CPU.ActiveCfg = Debug|Any CPU
		{8CDB2CEC-A1C0-4C16-BE1C-13D7BC53A357}.Debug|Any CPU.Build.0 = Debug|Any CPU
		{8CDB2CEC-A1C0-4C16-BE1C-13D7BC53A357}.Release|Any CPU.ActiveCfg = Release|Any CPU
		{8CDB2CEC-A1C0-4C16-BE1C-13D7BC53A357}.Release|Any CPU.Build.0 = Release|Any CPU
		{B0C6E14E-3EF7-4E5E-B97E-4BE6585F10AE}.Debug|Any CPU.ActiveCfg = Debug|Any CPU
		{B0C6E14E-3EF7-4E5E-B97E-4BE6585F10AE}.Debug|Any CPU.Build.0 = Debug|Any CPU
		{B0C6E14E-3EF7-4E5E-B97E-4BE6585F10AE}.Release|Any CPU.ActiveCfg = Release|Any CPU
		{B0C6E14E-3EF7-4E5E-B97E-4BE6585F10AE}.Release|Any CPU.Build.0 = Release|Any CPU
		{170FF7FB-AD3D-4113-B457-9990B075D9B1}.Debug|Any CPU.ActiveCfg = Debug|Any CPU
		{170FF7FB-AD3D-4113-B457-9990B075D9B1}.Debug|Any CPU.Build.0 = Debug|Any CPU
		{170FF7FB-AD3D-4113-B457-9990B075D9B1}.Release|Any CPU.ActiveCfg = Release|Any CPU
		{170FF7FB-AD3D-4113-B457-9990B075D9B1}.Release|Any CPU.Build.0 = Release|Any CPU
		{9D49B5BB-36FF-455E-9329-AC134176B5A3}.Debug|Any CPU.ActiveCfg = Debug|Any CPU
		{9D49B5BB-36FF-455E-9329-AC134176B5A3}.Debug|Any CPU.Build.0 = Debug|Any CPU
		{9D49B5BB-36FF-455E-9329-AC134176B5A3}.Release|Any CPU.ActiveCfg = Release|Any CPU
		{9D49B5BB-36FF-455E-9329-AC134176B5A3}.Release|Any CPU.Build.0 = Release|Any CPU
	EndGlobalSection
EndGlobal
